
Microsoft Visual Studio Solution File, Format Version 12.00
# Visual Studio Version 16
VisualStudioVersion = 16.0.30907.101
MinimumVisualStudioVersion = 10.0.40219.1
Project("{FAE04EC0-301F-11D3-BF4B-00C04F79EFBC}") = "Principal", "Principal\Principal.csproj", "{87AFD302-7702-47B4-90FE-5A77AA757694}"
EndProject
Project("{FAE04EC0-301F-11D3-BF4B-00C04F79EFBC}") = "Model", "Model\Model.csproj", "{CCB754AD-D247-4E92-AFE7-91A68A22C8E6}"
EndProject
Project("{FAE04EC0-301F-11D3-BF4B-00C04F79EFBC}") = "Logical", "Logical\Logical.csproj", "{42E55EC9-8D08-4469-BC3A-8858CE42826A}"
EndProject
Global
	GlobalSection(SolutionConfigurationPlatforms) = preSolution
		Debug|Any CPU = Debug|Any CPU
		Release|Any CPU = Release|Any CPU
	EndGlobalSection
	GlobalSection(ProjectConfigurationPlatforms) = postSolution
		{87AFD302-7702-47B4-90FE-5A77AA757694}.Debug|Any CPU.ActiveCfg = Debug|Any CPU
		{87AFD302-7702-47B4-90FE-5A77AA757694}.Debug|Any CPU.Build.0 = Debug|Any CPU
		{87AFD302-7702-47B4-90FE-5A77AA757694}.Release|Any CPU.ActiveCfg = Release|Any CPU
		{87AFD302-7702-47B4-90FE-5A77AA757694}.Release|Any CPU.Build.0 = Release|Any CPU
		{CCB754AD-D247-4E92-AFE7-91A68A22C8E6}.Debug|Any CPU.ActiveCfg = Debug|Any CPU
		{CCB754AD-D247-4E92-AFE7-91A68A22C8E6}.Debug|Any CPU.Build.0 = Debug|Any CPU
		{CCB754AD-D247-4E92-AFE7-91A68A22C8E6}.Release|Any CPU.ActiveCfg = Release|Any CPU
		{CCB754AD-D247-4E92-AFE7-91A68A22C8E6}.Release|Any CPU.Build.0 = Release|Any CPU
		{42E55EC9-8D08-4469-BC3A-8858CE42826A}.Debug|Any CPU.ActiveCfg = Debug|Any CPU
		{42E55EC9-8D08-4469-BC3A-8858CE42826A}.Debug|Any CPU.Build.0 = Debug|Any CPU
		{42E55EC9-8D08-4469-BC3A-8858CE42826A}.Release|Any CPU.ActiveCfg = Release|Any CPU
		{42E55EC9-8D08-4469-BC3A-8858CE42826A}.Release|Any CPU.Build.0 = Release|Any CPU
	EndGlobalSection
	GlobalSection(SolutionProperties) = preSolution
		HideSolutionNode = FALSE
	EndGlobalSection
	GlobalSection(ExtensibilityGlobals) = postSolution
		SolutionGuid = {32E463B2-722D-4298-A272-F58FF7B793CC}
	EndGlobalSection
EndGlobal
